// !$*UTF8*$!
{
	archiveVersion = 1;
	classes = {
	};
	objectVersion = 50;
	objects = {

/* Begin PBXBuildFile section */
		9565093C683C2210C9D8A05E /* Pods_TableViewDiffPerformance.framework in Frameworks */ = {isa = PBXBuildFile; fileRef = 4EE0699DF3A44E03D3518858 /* Pods_TableViewDiffPerformance.framework */; };
		EA010E32211999740080448A /* DeletionPerformanceViewController.swift in Sources */ = {isa = PBXBuildFile; fileRef = EA010E31211999740080448A /* DeletionPerformanceViewController.swift */; };
		EA35995021140041006D1490 /* AppDelegate.swift in Sources */ = {isa = PBXBuildFile; fileRef = EA35994F21140041006D1490 /* AppDelegate.swift */; };
		EA35995221140041006D1490 /* MenuViewController.swift in Sources */ = {isa = PBXBuildFile; fileRef = EA35995121140041006D1490 /* MenuViewController.swift */; };
		EA35995721140044006D1490 /* Assets.xcassets in Resources */ = {isa = PBXBuildFile; fileRef = EA35995621140044006D1490 /* Assets.xcassets */; };
		EA35995A21140044006D1490 /* LaunchScreen.storyboard in Resources */ = {isa = PBXBuildFile; fileRef = EA35995821140044006D1490 /* LaunchScreen.storyboard */; };
		EA41E884211408FE004FCCF3 /* MainTableViewController.swift in Sources */ = {isa = PBXBuildFile; fileRef = EA41E883211408FE004FCCF3 /* MainTableViewController.swift */; };
/* End PBXBuildFile section */

/* Begin PBXFileReference section */
		1968D54D232C0560AE914511 /* Pods-TableViewDiffPerformance.release.xcconfig */ = {isa = PBXFileReference; includeInIndex = 1; lastKnownFileType = text.xcconfig; name = "Pods-TableViewDiffPerformance.release.xcconfig"; path = "Pods/Target Support Files/Pods-TableViewDiffPerformance/Pods-TableViewDiffPerformance.release.xcconfig"; sourceTree = "<group>"; };
		4EE0699DF3A44E03D3518858 /* Pods_TableViewDiffPerformance.framework */ = {isa = PBXFileReference; explicitFileType = wrapper.framework; includeInIndex = 0; path = Pods_TableViewDiffPerformance.framework; sourceTree = BUILT_PRODUCTS_DIR; };
		592DAFA0D23DD613F55E477C /* Pods-TableViewDiffPerformance.debug.xcconfig */ = {isa = PBXFileReference; includeInIndex = 1; lastKnownFileType = text.xcconfig; name = "Pods-TableViewDiffPerformance.debug.xcconfig"; path = "Pods/Target Support Files/Pods-TableViewDiffPerformance/Pods-TableViewDiffPerformance.debug.xcconfig"; sourceTree = "<group>"; };
		EA010E31211999740080448A /* DeletionPerformanceViewController.swift */ = {isa = PBXFileReference; lastKnownFileType = sourcecode.swift; path = DeletionPerformanceViewController.swift; sourceTree = "<group>"; };
		EA35994C21140040006D1490 /* TableViewDiffPerformance.app */ = {isa = PBXFileReference; explicitFileType = wrapper.application; includeInIndex = 0; path = TableViewDiffPerformance.app; sourceTree = BUILT_PRODUCTS_DIR; };
		EA35994F21140041006D1490 /* AppDelegate.swift */ = {isa = PBXFileReference; lastKnownFileType = sourcecode.swift; path = AppDelegate.swift; sourceTree = "<group>"; };
		EA35995121140041006D1490 /* MenuViewController.swift */ = {isa = PBXFileReference; lastKnownFileType = sourcecode.swift; path = MenuViewController.swift; sourceTree = "<group>"; };
		EA35995621140044006D1490 /* Assets.xcassets */ = {isa = PBXFileReference; lastKnownFileType = folder.assetcatalog; path = Assets.xcassets; sourceTree = "<group>"; };
		EA35995921140044006D1490 /* Base */ = {isa = PBXFileReference; lastKnownFileType = file.storyboard; name = Base; path = Base.lproj/LaunchScreen.storyboard; sourceTree = "<group>"; };
		EA35995B21140044006D1490 /* Info.plist */ = {isa = PBXFileReference; lastKnownFileType = text.plist.xml; path = Info.plist; sourceTree = "<group>"; };
		EA41E883211408FE004FCCF3 /* MainTableViewController.swift */ = {isa = PBXFileReference; lastKnownFileType = sourcecode.swift; path = MainTableViewController.swift; sourceTree = "<group>"; };
/* End PBXFileReference section */

/* Begin PBXFrameworksBuildPhase section */
		EA35994921140040006D1490 /* Frameworks */ = {
			isa = PBXFrameworksBuildPhase;
			buildActionMask = 2147483647;
			files = (
				9565093C683C2210C9D8A05E /* Pods_TableViewDiffPerformance.framework in Frameworks */,
			);
			runOnlyForDeploymentPostprocessing = 0;
		};
/* End PBXFrameworksBuildPhase section */

/* Begin PBXGroup section */
		EA35994321140040006D1490 = {
			isa = PBXGroup;
			children = (
				EA35994E21140040006D1490 /* TableViewDiffPerformance */,
				EA35994D21140040006D1490 /* Products */,
				FD8A32913831435B4728B62B /* Pods */,
				FF12C60BA8CD49D52C893B63 /* Frameworks */,
			);
			sourceTree = "<group>";
		};
		EA35994D21140040006D1490 /* Products */ = {
			isa = PBXGroup;
			children = (
				EA35994C21140040006D1490 /* TableViewDiffPerformance.app */,
			);
			name = Products;
			sourceTree = "<group>";
		};
		EA35994E21140040006D1490 /* TableViewDiffPerformance */ = {
			isa = PBXGroup;
			children = (
				EA35994F21140041006D1490 /* AppDelegate.swift */,
				EA35995121140041006D1490 /* MenuViewController.swift */,
				EA41E883211408FE004FCCF3 /* MainTableViewController.swift */,
				EA010E31211999740080448A /* DeletionPerformanceViewController.swift */,
				EA35995621140044006D1490 /* Assets.xcassets */,
				EA35995821140044006D1490 /* LaunchScreen.storyboard */,
				EA35995B21140044006D1490 /* Info.plist */,
			);
			path = TableViewDiffPerformance;
			sourceTree = "<group>";
		};
		FD8A32913831435B4728B62B /* Pods */ = {
			isa = PBXGroup;
			children = (
				592DAFA0D23DD613F55E477C /* Pods-TableViewDiffPerformance.debug.xcconfig */,
				1968D54D232C0560AE914511 /* Pods-TableViewDiffPerformance.release.xcconfig */,
			);
			name = Pods;
			sourceTree = "<group>";
		};
		FF12C60BA8CD49D52C893B63 /* Frameworks */ = {
			isa = PBXGroup;
			children = (
				4EE0699DF3A44E03D3518858 /* Pods_TableViewDiffPerformance.framework */,
			);
			name = Frameworks;
			sourceTree = "<group>";
		};
/* End PBXGroup section */

/* Begin PBXNativeTarget section */
		EA35994B21140040006D1490 /* TableViewDiffPerformance */ = {
			isa = PBXNativeTarget;
			buildConfigurationList = EA35995E21140044006D1490 /* Build configuration list for PBXNativeTarget "TableViewDiffPerformance" */;
			buildPhases = (
				636E5B93DFFCEBBF97AF0F21 /* [CP] Check Pods Manifest.lock */,
				EA35994821140040006D1490 /* Sources */,
				EA35994921140040006D1490 /* Frameworks */,
				EA35994A21140040006D1490 /* Resources */,
				97F63F053F55CD7E37D1E8D9 /* [CP] Embed Pods Frameworks */,
			);
			buildRules = (
			);
			dependencies = (
			);
			name = TableViewDiffPerformance;
			productName = TableViewDiffPerformance;
			productReference = EA35994C21140040006D1490 /* TableViewDiffPerformance.app */;
			productType = "com.apple.product-type.application";
		};
/* End PBXNativeTarget section */

/* Begin PBXProject section */
		EA35994421140040006D1490 /* Project object */ = {
			isa = PBXProject;
			attributes = {
				LastSwiftUpdateCheck = 0940;
				LastUpgradeCheck = 0940;
				ORGANIZATIONNAME = "BAN Jun";
				TargetAttributes = {
					EA35994B21140040006D1490 = {
						CreatedOnToolsVersion = 9.4;
					};
				};
			};
			buildConfigurationList = EA35994721140040006D1490 /* Build configuration list for PBXProject "TableViewDiffPerformance" */;
			compatibilityVersion = "Xcode 9.3";
			developmentRegion = en;
			hasScannedForEncodings = 0;
			knownRegions = (
				en,
				Base,
			);
			mainGroup = EA35994321140040006D1490;
			productRefGroup = EA35994D21140040006D1490 /* Products */;
			projectDirPath = "";
			projectRoot = "";
			targets = (
				EA35994B21140040006D1490 /* TableViewDiffPerformance */,
			);
		};
/* End PBXProject section */

/* Begin PBXResourcesBuildPhase section */
		EA35994A21140040006D1490 /* Resources */ = {
			isa = PBXResourcesBuildPhase;
			buildActionMask = 2147483647;
			files = (
				EA35995A21140044006D1490 /* LaunchScreen.storyboard in Resources */,
				EA35995721140044006D1490 /* Assets.xcassets in Resources */,
			);
			runOnlyForDeploymentPostprocessing = 0;
		};
/* End PBXResourcesBuildPhase section */

/* Begin PBXShellScriptBuildPhase section */
		636E5B93DFFCEBBF97AF0F21 /* [CP] Check Pods Manifest.lock */ = {
			isa = PBXShellScriptBuildPhase;
			buildActionMask = 2147483647;
			files = (
			);
			inputPaths = (
				"${PODS_PODFILE_DIR_PATH}/Podfile.lock",
				"${PODS_ROOT}/Manifest.lock",
			);
			name = "[CP] Check Pods Manifest.lock";
			outputPaths = (
				"$(DERIVED_FILE_DIR)/Pods-TableViewDiffPerformance-checkManifestLockResult.txt",
			);
			runOnlyForDeploymentPostprocessing = 0;
			shellPath = /bin/sh;
			shellScript = "diff \"${PODS_PODFILE_DIR_PATH}/Podfile.lock\" \"${PODS_ROOT}/Manifest.lock\" > /dev/null\nif [ $? != 0 ] ; then\n    # print error to STDERR\n    echo \"error: The sandbox is not in sync with the Podfile.lock. Run 'pod install' or update your CocoaPods installation.\" >&2\n    exit 1\nfi\n# This output is used by Xcode 'outputs' to avoid re-running this script phase.\necho \"SUCCESS\" > \"${SCRIPT_OUTPUT_FILE_0}\"\n";
			showEnvVarsInLog = 0;
		};
		97F63F053F55CD7E37D1E8D9 /* [CP] Embed Pods Frameworks */ = {
			isa = PBXShellScriptBuildPhase;
			buildActionMask = 2147483647;
			files = (
			);
			inputPaths = (
				"${SRCROOT}/Pods/Target Support Files/Pods-TableViewDiffPerformance/Pods-TableViewDiffPerformance-frameworks.sh",
				"${BUILT_PRODUCTS_DIR}/BigDiffer/BigDiffer.framework",
				"${BUILT_PRODUCTS_DIR}/Differ/Differ.framework",
				"${BUILT_PRODUCTS_DIR}/Eureka/Eureka.framework",
				"${BUILT_PRODUCTS_DIR}/FootlessParser/FootlessParser.framework",
				"${BUILT_PRODUCTS_DIR}/HeckelDiff/HeckelDiff.framework",
				"${BUILT_PRODUCTS_DIR}/ListDiff/ListDiff.framework",
				"${BUILT_PRODUCTS_DIR}/NorthLayout/NorthLayout.framework",
				"${BUILT_PRODUCTS_DIR}/ReactiveCocoa/ReactiveCocoa.framework",
				"${BUILT_PRODUCTS_DIR}/ReactiveSwift/ReactiveSwift.framework",
				"${BUILT_PRODUCTS_DIR}/Result/Result.framework",
				"${BUILT_PRODUCTS_DIR}/※ikemen/Ikemen.framework",
			);
			name = "[CP] Embed Pods Frameworks";
			outputPaths = (
				"${TARGET_BUILD_DIR}/${FRAMEWORKS_FOLDER_PATH}/BigDiffer.framework",
				"${TARGET_BUILD_DIR}/${FRAMEWORKS_FOLDER_PATH}/Differ.framework",
				"${TARGET_BUILD_DIR}/${FRAMEWORKS_FOLDER_PATH}/Eureka.framework",
				"${TARGET_BUILD_DIR}/${FRAMEWORKS_FOLDER_PATH}/FootlessParser.framework",
				"${TARGET_BUILD_DIR}/${FRAMEWORKS_FOLDER_PATH}/HeckelDiff.framework",
				"${TARGET_BUILD_DIR}/${FRAMEWORKS_FOLDER_PATH}/ListDiff.framework",
				"${TARGET_BUILD_DIR}/${FRAMEWORKS_FOLDER_PATH}/NorthLayout.framework",
				"${TARGET_BUILD_DIR}/${FRAMEWORKS_FOLDER_PATH}/ReactiveCocoa.framework",
				"${TARGET_BUILD_DIR}/${FRAMEWORKS_FOLDER_PATH}/ReactiveSwift.framework",
				"${TARGET_BUILD_DIR}/${FRAMEWORKS_FOLDER_PATH}/Result.framework",
				"${TARGET_BUILD_DIR}/${FRAMEWORKS_FOLDER_PATH}/Ikemen.framework",
			);
			runOnlyForDeploymentPostprocessing = 0;
			shellPath = /bin/sh;
			shellScript = "\"${SRCROOT}/Pods/Target Support Files/Pods-TableViewDiffPerformance/Pods-TableViewDiffPerformance-frameworks.sh\"\n";
			showEnvVarsInLog = 0;
		};
/* End PBXShellScriptBuildPhase section */

/* Begin PBXSourcesBuildPhase section */
		EA35994821140040006D1490 /* Sources */ = {
			isa = PBXSourcesBuildPhase;
			buildActionMask = 2147483647;
			files = (
				EA35995221140041006D1490 /* MenuViewController.swift in Sources */,
				EA41E884211408FE004FCCF3 /* MainTableViewController.swift in Sources */,
				EA35995021140041006D1490 /* AppDelegate.swift in Sources */,
				EA010E32211999740080448A /* DeletionPerformanceViewController.swift in Sources */,
			);
			runOnlyForDeploymentPostprocessing = 0;
		};
/* End PBXSourcesBuildPhase section */

/* Begin PBXVariantGroup section */
		EA35995821140044006D1490 /* LaunchScreen.storyboard */ = {
			isa = PBXVariantGroup;
			children = (
				EA35995921140044006D1490 /* Base */,
			);
			name = LaunchScreen.storyboard;
			sourceTree = "<group>";
		};
/* End PBXVariantGroup section */

/* Begin XCBuildConfiguration section */
		EA35995C21140044006D1490 /* Debug */ = {
			isa = XCBuildConfiguration;
			buildSettings = {
				ALWAYS_SEARCH_USER_PATHS = NO;
				CLANG_ANALYZER_NONNULL = YES;
				CLANG_ANALYZER_NUMBER_OBJECT_CONVERSION = YES_AGGRESSIVE;
				CLANG_CXX_LANGUAGE_STANDARD = "gnu++14";
				CLANG_CXX_LIBRARY = "libc++";
				CLANG_ENABLE_MODULES = YES;
				CLANG_ENABLE_OBJC_ARC = YES;
				CLANG_ENABLE_OBJC_WEAK = YES;
				CLANG_WARN_BLOCK_CAPTURE_AUTORELEASING = YES;
				CLANG_WARN_BOOL_CONVERSION = YES;
				CLANG_WARN_COMMA = YES;
				CLANG_WARN_CONSTANT_CONVERSION = YES;
				CLANG_WARN_DEPRECATED_OBJC_IMPLEMENTATIONS = YES;
				CLANG_WARN_DIRECT_OBJC_ISA_USAGE = YES_ERROR;
				CLANG_WARN_DOCUMENTATION_COMMENTS = YES;
				CLANG_WARN_EMPTY_BODY = YES;
				CLANG_WARN_ENUM_CONVERSION = YES;
				CLANG_WARN_INFINITE_RECURSION = YES;
				CLANG_WARN_INT_CONVERSION = YES;
				CLANG_WARN_NON_LITERAL_NULL_CONVERSION = YES;
				CLANG_WARN_OBJC_IMPLICIT_RETAIN_SELF = YES;
				CLANG_WARN_OBJC_LITERAL_CONVERSION = YES;
				CLANG_WARN_OBJC_ROOT_CLASS = YES_ERROR;
				CLANG_WARN_RANGE_LOOP_ANALYSIS = YES;
				CLANG_WARN_STRICT_PROTOTYPES = YES;
				CLANG_WARN_SUSPICIOUS_MOVE = YES;
				CLANG_WARN_UNGUARDED_AVAILABILITY = YES_AGGRESSIVE;
				CLANG_WARN_UNREACHABLE_CODE = YES;
				CLANG_WARN__DUPLICATE_METHOD_MATCH = YES;
				CODE_SIGN_IDENTITY = "iPhone Developer";
				COPY_PHASE_STRIP = NO;
				DEBUG_INFORMATION_FORMAT = "dwarf-with-dsym";
				ENABLE_STRICT_OBJC_MSGSEND = YES;
				ENABLE_TESTABILITY = YES;
				GCC_C_LANGUAGE_STANDARD = gnu11;
				GCC_DYNAMIC_NO_PIC = NO;
				GCC_NO_COMMON_BLOCKS = YES;
				GCC_OPTIMIZATION_LEVEL = 0;
				GCC_PREPROCESSOR_DEFINITIONS = (
					"DEBUG=1",
					"$(inherited)",
				);
				GCC_WARN_64_TO_32_BIT_CONVERSION = YES;
				GCC_WARN_ABOUT_RETURN_TYPE = YES_ERROR;
				GCC_WARN_UNDECLARED_SELECTOR = YES;
				GCC_WARN_UNINITIALIZED_AUTOS = YES_AGGRESSIVE;
				GCC_WARN_UNUSED_FUNCTION = YES;
				GCC_WARN_UNUSED_VARIABLE = YES;
				IPHONEOS_DEPLOYMENT_TARGET = 10.0;
				MTL_ENABLE_DEBUG_INFO = YES;
				ONLY_ACTIVE_ARCH = YES;
				SDKROOT = iphoneos;
				SWIFT_ACTIVE_COMPILATION_CONDITIONS = DEBUG;
				SWIFT_OPTIMIZATION_LEVEL = "-Onone";
			};
			name = Debug;
		};
		EA35995D21140044006D1490 /* Release */ = {
			isa = XCBuildConfiguration;
			buildSettings = {
				ALWAYS_SEARCH_USER_PATHS = NO;
				CLANG_ANALYZER_NONNULL = YES;
				CLANG_ANALYZER_NUMBER_OBJECT_CONVERSION = YES_AGGRESSIVE;
				CLANG_CXX_LANGUAGE_STANDARD = "gnu++14";
				CLANG_CXX_LIBRARY = "libc++";
				CLANG_ENABLE_MODULES = YES;
				CLANG_ENABLE_OBJC_ARC = YES;
				CLANG_ENABLE_OBJC_WEAK = YES;
				CLANG_WARN_BLOCK_CAPTURE_AUTORELEASING = YES;
				CLANG_WARN_BOOL_CONVERSION = YES;
				CLANG_WARN_COMMA = YES;
				CLANG_WARN_CONSTANT_CONVERSION = YES;
				CLANG_WARN_DEPRECATED_OBJC_IMPLEMENTATIONS = YES;
				CLANG_WARN_DIRECT_OBJC_ISA_USAGE = YES_ERROR;
				CLANG_WARN_DOCUMENTATION_COMMENTS = YES;
				CLANG_WARN_EMPTY_BODY = YES;
				CLANG_WARN_ENUM_CONVERSION = YES;
				CLANG_WARN_INFINITE_RECURSION = YES;
				CLANG_WARN_INT_CONVERSION = YES;
				CLANG_WARN_NON_LITERAL_NULL_CONVERSION = YES;
				CLANG_WARN_OBJC_IMPLICIT_RETAIN_SELF = YES;
				CLANG_WARN_OBJC_LITERAL_CONVERSION = YES;
				CLANG_WARN_OBJC_ROOT_CLASS = YES_ERROR;
				CLANG_WARN_RANGE_LOOP_ANALYSIS = YES;
				CLANG_WARN_STRICT_PROTOTYPES = YES;
				CLANG_WARN_SUSPICIOUS_MOVE = YES;
				CLANG_WARN_UNGUARDED_AVAILABILITY = YES_AGGRESSIVE;
				CLANG_WARN_UNREACHABLE_CODE = YES;
				CLANG_WARN__DUPLICATE_METHOD_MATCH = YES;
				CODE_SIGN_IDENTITY = "iPhone Developer";
				COPY_PHASE_STRIP = NO;
				DEBUG_INFORMATION_FORMAT = "dwarf-with-dsym";
				ENABLE_NS_ASSERTIONS = NO;
				ENABLE_STRICT_OBJC_MSGSEND = YES;
				GCC_C_LANGUAGE_STANDARD = gnu11;
				GCC_NO_COMMON_BLOCKS = YES;
				GCC_WARN_64_TO_32_BIT_CONVERSION = YES;
				GCC_WARN_ABOUT_RETURN_TYPE = YES_ERROR;
				GCC_WARN_UNDECLARED_SELECTOR = YES;
				GCC_WARN_UNINITIALIZED_AUTOS = YES_AGGRESSIVE;
				GCC_WARN_UNUSED_FUNCTION = YES;
				GCC_WARN_UNUSED_VARIABLE = YES;
				IPHONEOS_DEPLOYMENT_TARGET = 10.0;
				MTL_ENABLE_DEBUG_INFO = NO;
				SDKROOT = iphoneos;
				SWIFT_COMPILATION_MODE = wholemodule;
				SWIFT_OPTIMIZATION_LEVEL = "-O";
				VALIDATE_PRODUCT = YES;
			};
			name = Release;
		};
		EA35995F21140044006D1490 /* Debug */ = {
			isa = XCBuildConfiguration;
			baseConfigurationReference = 592DAFA0D23DD613F55E477C /* Pods-TableViewDiffPerformance.debug.xcconfig */;
			buildSettings = {
				ASSETCATALOG_COMPILER_APPICON_NAME = AppIcon;
				CODE_SIGN_STYLE = Automatic;
				DEVELOPMENT_TEAM = FPZK4WRGW7;
				INFOPLIST_FILE = TableViewDiffPerformance/Info.plist;
				LD_RUNPATH_SEARCH_PATHS = (
					"$(inherited)",
					"@executable_path/Frameworks",
				);
				PRODUCT_BUNDLE_IDENTIFIER = jp.banjun.exp.TableViewDiffPerformance;
				PRODUCT_NAME = "$(TARGET_NAME)";
				SWIFT_VERSION = 4.0;
				TARGETED_DEVICE_FAMILY = "1,2";
			};
			name = Debug;
		};
		EA35996021140044006D1490 /* Release */ = {
			isa = XCBuildConfiguration;
			baseConfigurationReference = 1968D54D232C0560AE914511 /* Pods-TableViewDiffPerformance.release.xcconfig */;
			buildSettings = {
				ASSETCATALOG_COMPILER_APPICON_NAME = AppIcon;
				CODE_SIGN_STYLE = Automatic;
				DEVELOPMENT_TEAM = FPZK4WRGW7;
				INFOPLIST_FILE = TableViewDiffPerformance/Info.plist;
				LD_RUNPATH_SEARCH_PATHS = (
					"$(inherited)",
					"@executable_path/Frameworks",
				);
				PRODUCT_BUNDLE_IDENTIFIER = jp.banjun.exp.TableViewDiffPerformance;
				PRODUCT_NAME = "$(TARGET_NAME)";
				SWIFT_VERSION = 4.0;
				TARGETED_DEVICE_FAMILY = "1,2";
			};
			name = Release;
		};
/* End XCBuildConfiguration section */

/* Begin XCConfigurationList section */
		EA35994721140040006D1490 /* Build configuration list for PBXProject "TableViewDiffPerformance" */ = {
			isa = XCConfigurationList;
			buildConfigurations = (
				EA35995C21140044006D1490 /* Debug */,
				EA35995D21140044006D1490 /* Release */,
			);
			defaultConfigurationIsVisible = 0;
			defaultConfigurationName = Release;
		};
		EA35995E21140044006D1490 /* Build configuration list for PBXNativeTarget "TableViewDiffPerformance" */ = {
			isa = XCConfigurationList;
			buildConfigurations = (
				EA35995F21140044006D1490 /* Debug */,
				EA35996021140044006D1490 /* Release */,
			);
			defaultConfigurationIsVisible = 0;
			defaultConfigurationName = Release;
		};
/* End XCConfigurationList section */
	};
	rootObject = EA35994421140040006D1490 /* Project object */;
}
