PODS:
  - BigDiffer (0.4.0):
    - BigDiffer/BigDiffer (= 0.4.0)
  - BigDiffer/BigDiffer (0.4.0):
    - BigDiffer/Core
    - ListDiff
  - BigDiffer/Core (0.4.0)
  - Eureka (4.2.0)
  - FootlessParser (0.5.0)
  - ListDiff (0.1.0)
  - NorthLayout (5.1.0):
    - FootlessParser (~> 0.4)
  - ReactiveCocoa (8.0.0):
    - ReactiveSwift (~> 4.0)
  - ReactiveSwift (4.0.0):
    - Result (~> 4.0)
  - Result (4.0.0)
  - "※ikemen (0.5.0)"

DEPENDENCIES:
  - BigDiffer (from `..`)
  - Eureka
  - NorthLayout
  - ReactiveCocoa
  - ReactiveSwift
  - "※ikemen"

SPEC REPOS:
  https://github.com/cocoapods/specs.git:
    - Eureka
    - FootlessParser
    - ListDiff
    - NorthLayout
    - ReactiveCocoa
    - ReactiveSwift
    - Result
    - "※ikemen"

EXTERNAL SOURCES:
  BigDiffer:
    :path: ".."

SPEC CHECKSUMS:
  BigDiffer: 5971a1bfa54cce7479a2a87fc84684e252ddb11b
  Eureka: 0748c7bbb2560130e43c7bfa83e99c98854a1f42
  FootlessParser: bc75547b0ccd696a0496993f394fdef3a2d481d0
  ListDiff: 8a29c2ae3c8370cc989b6d6d50bb40d58c4e9ede
  NorthLayout: 157045b4ef9e94019f00ec9dc66192c2b17c0c61
  ReactiveCocoa: 87cb64d78424d749a0bbfd9b07e4825e8d834066
  ReactiveSwift: a2bb9ace428a109e9c0209615645d9d286c8c433
  Result: 7645bb3f50c2ce726dd0ff2fa7b6f42bbe6c3713
  "※ikemen": 0cf85af52790db21a846ad31abca356e99da1ffb

PODFILE CHECKSUM: bbd813f5223f60147c310a11007e952368f93da7

COCOAPODS: 1.5.3
